
Microsoft Visual Studio Solution File, Format Version 12.00
# Visual Studio Version 17
VisualStudioVersion = 17.1.32407.343
MinimumVisualStudioVersion = 10.0.40219.1
Project("{FAE04EC0-301F-11D3-BF4B-00C04F79EFBC}") = "ParcelSortingTARgv21", "ParcelSortingTARgv21\ParcelSortingTARgv21.csproj", "{D171AE4C-CCF2-480F-847D-2D923EAAFEB3}"
EndProject
Global
	GlobalSection(SolutionConfigurationPlatforms) = preSolution
		Debug|Any CPU = Debug|Any CPU
		Release|Any CPU = Release|Any CPU
	EndGlobalSection
	GlobalSection(ProjectConfigurationPlatforms) = postSolution
		{D171AE4C-CCF2-480F-847D-2D923EAAFEB3}.Debug|Any CPU.ActiveCfg = Debug|Any CPU
		{D171AE4C-CCF2-480F-847D-2D923EAAFEB3}.Debug|Any CPU.Build.0 = Debug|Any CPU
		{D171AE4C-CCF2-480F-847D-2D923EAAFEB3}.Release|Any CPU.ActiveCfg = Release|Any CPU
		{D171AE4C-CCF2-480F-847D-2D923EAAFEB3}.Release|Any CPU.Build.0 = Release|Any CPU
	EndGlobalSection
	GlobalSection(SolutionProperties) = preSolution
		HideSolutionNode = FALSE
	EndGlobalSection
	GlobalSection(ExtensibilityGlobals) = postSolution
		SolutionGuid = {48CA7AC1-7051-4648-9F2C-D94B676209B7}
	EndGlobalSection
EndGlobal
